// !$*UTF8*$!
{
	archiveVersion = 1;
	classes = {
	};
	objectVersion = 48;
	objects = {

/* Begin PBXBuildFile section */
		4594C76B205EEFEC00E3AA5B /* AppDelegate.swift in Sources */ = {isa = PBXBuildFile; fileRef = 4594C76A205EEFEC00E3AA5B /* AppDelegate.swift */; };
		4594C76D205EEFEC00E3AA5B /* ViewController.swift in Sources */ = {isa = PBXBuildFile; fileRef = 4594C76C205EEFEC00E3AA5B /* ViewController.swift */; };
		4594C770205EEFEC00E3AA5B /* Main.storyboard in Resources */ = {isa = PBXBuildFile; fileRef = 4594C76E205EEFEC00E3AA5B /* Main.storyboard */; };
		4594C772205EEFEC00E3AA5B /* Assets.xcassets in Resources */ = {isa = PBXBuildFile; fileRef = 4594C771205EEFEC00E3AA5B /* Assets.xcassets */; };
		4594C775205EEFEC00E3AA5B /* LaunchScreen.storyboard in Resources */ = {isa = PBXBuildFile; fileRef = 4594C773205EEFEC00E3AA5B /* LaunchScreen.storyboard */; };
		4594C780205EEFEC00E3AA5B /* TravelAppTests.swift in Sources */ = {isa = PBXBuildFile; fileRef = 4594C77F205EEFEC00E3AA5B /* TravelAppTests.swift */; };
		4594C78B205EEFEC00E3AA5B /* TravelAppUITests.swift in Sources */ = {isa = PBXBuildFile; fileRef = 4594C78A205EEFEC00E3AA5B /* TravelAppUITests.swift */; };
		4594C79A205EF0BF00E3AA5B /* InitialViewController.swift in Sources */ = {isa = PBXBuildFile; fileRef = 4594C799205EF0BF00E3AA5B /* InitialViewController.swift */; };
		4594C79C205EF1FF00E3AA5B /* MenuViewController.swift in Sources */ = {isa = PBXBuildFile; fileRef = 4594C79B205EF1FF00E3AA5B /* MenuViewController.swift */; };
		4594C79F205EF92300E3AA5B /* RoundedWhiteButton.swift in Sources */ = {isa = PBXBuildFile; fileRef = 4594C79E205EF92300E3AA5B /* RoundedWhiteButton.swift */; };
		4594C7A2205EFA2800E3AA5B /* Extensions.swift in Sources */ = {isa = PBXBuildFile; fileRef = 4594C7A1205EFA2800E3AA5B /* Extensions.swift */; };
		4594C7A4205F0F0A00E3AA5B /* LogInViewController.swift in Sources */ = {isa = PBXBuildFile; fileRef = 4594C7A3205F0F0900E3AA5B /* LogInViewController.swift */; };
		459620B6206D1D9500E342B6 /* HomeViewController.swift in Sources */ = {isa = PBXBuildFile; fileRef = 459620B5206D1D9500E342B6 /* HomeViewController.swift */; };
		45B6EEE02068224800A380F5 /* SignUpViewController.swift in Sources */ = {isa = PBXBuildFile; fileRef = 45B6EEDF2068224800A380F5 /* SignUpViewController.swift */; };
		48829C9505F15414C909A25A /* Pods_TravelApp.framework in Frameworks */ = {isa = PBXBuildFile; fileRef = 58CA2A3ABD4B577E6D955BCB /* Pods_TravelApp.framework */; };
		83E098DBDD2FC25E47F79D88 /* Pods_TravelAppTests.framework in Frameworks */ = {isa = PBXBuildFile; fileRef = 3D02B2AD37E97DE27473A628 /* Pods_TravelAppTests.framework */; };
		B40087A220A9E94A0083A7B9 /* UserProfileViewController.swift in Sources */ = {isa = PBXBuildFile; fileRef = B40087A120A9E94A0083A7B9 /* UserProfileViewController.swift */; };
		B40F8B8420BEFCC00014945D /* CoverPhotoViewController.swift in Sources */ = {isa = PBXBuildFile; fileRef = B40F8B8320BEFCC00014945D /* CoverPhotoViewController.swift */; };
		B40F8B8620BF0BC00014945D /* ObjectivInfoViewController.swift in Sources */ = {isa = PBXBuildFile; fileRef = B40F8B8520BF0BC00014945D /* ObjectivInfoViewController.swift */; };
		B40F8B8820BF200D0014945D /* PinAnnotation.swift in Sources */ = {isa = PBXBuildFile; fileRef = B40F8B8720BF200D0014945D /* PinAnnotation.swift */; };
		B41E43D420B158B5008D1B61 /* GetAroundViewController.swift in Sources */ = {isa = PBXBuildFile; fileRef = B41E43D320B158B5008D1B61 /* GetAroundViewController.swift */; };
		B41E43D620B1640A008D1B61 /* Location.swift in Sources */ = {isa = PBXBuildFile; fileRef = B41E43D520B1640A008D1B61 /* Location.swift */; };
		B41E43D820B1C034008D1B61 /* MapKitViewController.swift in Sources */ = {isa = PBXBuildFile; fileRef = B41E43D720B1C034008D1B61 /* MapKitViewController.swift */; };
		B42A8F2420C0072800CF072F /* CityExperiencesViewController.swift in Sources */ = {isa = PBXBuildFile; fileRef = B42A8F2320C0072800CF072F /* CityExperiencesViewController.swift */; };
		B45AD031207F9A220056481E /* PostTableViewCell.swift in Sources */ = {isa = PBXBuildFile; fileRef = B45AD02F207F9A220056481E /* PostTableViewCell.swift */; };
		B45AD032207F9A220056481E /* PostTableViewCell.xib in Resources */ = {isa = PBXBuildFile; fileRef = B45AD030207F9A220056481E /* PostTableViewCell.xib */; };
		B45AD035207FEE120056481E /* Post.swift in Sources */ = {isa = PBXBuildFile; fileRef = B45AD034207FEE120056481E /* Post.swift */; };
		B46C3A7120A33D1B0055E587 /* cityNameTableViewCell.swift in Sources */ = {isa = PBXBuildFile; fileRef = B46C3A7020A33D1B0055E587 /* cityNameTableViewCell.swift */; };
		B46C3A7320A352220055E587 /* CustomSearchBar.swift in Sources */ = {isa = PBXBuildFile; fileRef = B46C3A7220A352220055E587 /* CustomSearchBar.swift */; };
		B46C5DED2083F13E00BCA34E /* User.swift in Sources */ = {isa = PBXBuildFile; fileRef = B46C5DEC2083F13E00BCA34E /* User.swift */; };
		B46C5DF02083F33A00BCA34E /* userService.swift in Sources */ = {isa = PBXBuildFile; fileRef = B46C5DEF2083F33A00BCA34E /* userService.swift */; };
		B46C5DF9208604A500BCA34E /* GoogleService-Info.plist in Resources */ = {isa = PBXBuildFile; fileRef = B46C5DF8208604A500BCA34E /* GoogleService-Info.plist */; };
		B46C5DFB20860C6000BCA34E /* ImageService.swift in Sources */ = {isa = PBXBuildFile; fileRef = B46C5DFA20860C6000BCA34E /* ImageService.swift */; };
		B4808E342099B0AF008BE191 /* PostDetailsViewController.swift in Sources */ = {isa = PBXBuildFile; fileRef = B4808E332099B0AF008BE191 /* PostDetailsViewController.swift */; };
		B49D9B6F20B043720017D5CB /* City.swift in Sources */ = {isa = PBXBuildFile; fileRef = B49D9B6E20B043720017D5CB /* City.swift */; };
		B4A2C1B620AC879E00E395B6 /* CityDetailViewController.swift in Sources */ = {isa = PBXBuildFile; fileRef = B4A2C1B520AC879E00E395B6 /* CityDetailViewController.swift */; };
		B4A2C1B820AC8CCE00E395B6 /* ThingsToDoViewController.swift in Sources */ = {isa = PBXBuildFile; fileRef = B4A2C1B720AC8CCE00E395B6 /* ThingsToDoViewController.swift */; };
		B4A2C1BA20AC9CDD00E395B6 /* cityCollectionViewCell.swift in Sources */ = {isa = PBXBuildFile; fileRef = B4A2C1B920AC9CDD00E395B6 /* cityCollectionViewCell.swift */; };
		B4A2C1BC20AC9E9F00E395B6 /* Objectiv.swift in Sources */ = {isa = PBXBuildFile; fileRef = B4A2C1BB20AC9E9F00E395B6 /* Objectiv.swift */; };
		B4B13D6520CE8E4100EBFD12 /* FBSDKCoreKit.framework in Frameworks */ = {isa = PBXBuildFile; fileRef = B4B13D6420CE8E4000EBFD12 /* FBSDKCoreKit.framework */; };
		B4B13D6720CE8E5A00EBFD12 /* FBSDKLoginKit.framework in Frameworks */ = {isa = PBXBuildFile; fileRef = B4B13D6620CE8E5A00EBFD12 /* FBSDKLoginKit.framework */; };
		B4B8234C209DB89E0088304D /* trymapViewController.swift in Sources */ = {isa = PBXBuildFile; fileRef = B4B8234B209DB89E0088304D /* trymapViewController.swift */; };
		B4B8234E209DBB920088304D /* SearchResultsController.swift in Sources */ = {isa = PBXBuildFile; fileRef = B4B8234D209DBB920088304D /* SearchResultsController.swift */; };
		B4B856EF20C82CFD00DCD35D /* FeedMeViewController.swift in Sources */ = {isa = PBXBuildFile; fileRef = B4B856EE20C82CFD00DCD35D /* FeedMeViewController.swift */; };
		B4B856F120C82D8900DCD35D /* TypesTableViewController.swift in Sources */ = {isa = PBXBuildFile; fileRef = B4B856F020C82D8900DCD35D /* TypesTableViewController.swift */; };
		B4BF376F2081FC4300FDA0BE /* PostCollectionViewCell.swift in Sources */ = {isa = PBXBuildFile; fileRef = B4BF376D2081FC4300FDA0BE /* PostCollectionViewCell.swift */; };
		B4BF37702081FC4300FDA0BE /* PostCollectionViewCell.xib in Resources */ = {isa = PBXBuildFile; fileRef = B4BF376E2081FC4300FDA0BE /* PostCollectionViewCell.xib */; };
		B4BF37722082021500FDA0BE /* FirstViewController.swift in Sources */ = {isa = PBXBuildFile; fileRef = B4BF37712082021500FDA0BE /* FirstViewController.swift */; };
		B4BF377620823ACA00FDA0BE /* NewPostViewController.swift in Sources */ = {isa = PBXBuildFile; fileRef = B4BF377520823ACA00FDA0BE /* NewPostViewController.swift */; };
		B4CA58D120B7291300D1B030 /* RootPageViewController.swift in Sources */ = {isa = PBXBuildFile; fileRef = B4CA58D020B7291300D1B030 /* RootPageViewController.swift */; };
		B4EEFF7120C94AD000A788A8 /* MarkerInfoView.xib in Resources */ = {isa = PBXBuildFile; fileRef = B4EEFF6F20C94ACF00A788A8 /* MarkerInfoView.xib */; };
		B4EEFF7220C94AD000A788A8 /* MarkerInfoView.swift in Sources */ = {isa = PBXBuildFile; fileRef = B4EEFF7020C94AD000A788A8 /* MarkerInfoView.swift */; };
		B4EEFF7420C94CD100A788A8 /* PlaceMarker.swift in Sources */ = {isa = PBXBuildFile; fileRef = B4EEFF7320C94CD100A788A8 /* PlaceMarker.swift */; };
		B4EEFF7620C9505200A788A8 /* GooglePlace.swift in Sources */ = {isa = PBXBuildFile; fileRef = B4EEFF7520C9505200A788A8 /* GooglePlace.swift */; };
		B4EEFF7820C9507200A788A8 /* GoogleDataProvider.swift in Sources */ = {isa = PBXBuildFile; fileRef = B4EEFF7720C9507200A788A8 /* GoogleDataProvider.swift */; };
		B4F7C9A620A498A8002E54D7 /* PostAuthorDetailsViewController.swift in Sources */ = {isa = PBXBuildFile; fileRef = B4F7C9A520A498A8002E54D7 /* PostAuthorDetailsViewController.swift */; };
		FE8A0EDABA3C08B20DCEF79F /* Pods_TravelAppUITests.framework in Frameworks */ = {isa = PBXBuildFile; fileRef = 0ADE24936A21C99D717013CF /* Pods_TravelAppUITests.framework */; };
/* End PBXBuildFile section */

/* Begin PBXContainerItemProxy section */
		4594C77C205EEFEC00E3AA5B /* PBXContainerItemProxy */ = {
			isa = PBXContainerItemProxy;
			containerPortal = 4594C75F205EEFEC00E3AA5B /* Project object */;
			proxyType = 1;
			remoteGlobalIDString = 4594C766205EEFEC00E3AA5B;
			remoteInfo = TravelApp;
		};
		4594C787205EEFEC00E3AA5B /* PBXContainerItemProxy */ = {
			isa = PBXContainerItemProxy;
			containerPortal = 4594C75F205EEFEC00E3AA5B /* Project object */;
			proxyType = 1;
			remoteGlobalIDString = 4594C766205EEFEC00E3AA5B;
			remoteInfo = TravelApp;
		};
/* End PBXContainerItemProxy section */

/* Begin PBXFileReference section */
		0ADE24936A21C99D717013CF /* Pods_TravelAppUITests.framework */ = {isa = PBXFileReference; explicitFileType = wrapper.framework; includeInIndex = 0; path = Pods_TravelAppUITests.framework; sourceTree = BUILT_PRODUCTS_DIR; };
		33B2D500B0F25F2320A08B84 /* Pods-TravelApp.release.xcconfig */ = {isa = PBXFileReference; includeInIndex = 1; lastKnownFileType = text.xcconfig; name = "Pods-TravelApp.release.xcconfig"; path = "Pods/Target Support Files/Pods-TravelApp/Pods-TravelApp.release.xcconfig"; sourceTree = "<group>"; };
		3D02B2AD37E97DE27473A628 /* Pods_TravelAppTests.framework */ = {isa = PBXFileReference; explicitFileType = wrapper.framework; includeInIndex = 0; path = Pods_TravelAppTests.framework; sourceTree = BUILT_PRODUCTS_DIR; };
		4594C767205EEFEC00E3AA5B /* TravelApp.app */ = {isa = PBXFileReference; explicitFileType = wrapper.application; includeInIndex = 0; path = TravelApp.app; sourceTree = BUILT_PRODUCTS_DIR; };
		4594C76A205EEFEC00E3AA5B /* AppDelegate.swift */ = {isa = PBXFileReference; lastKnownFileType = sourcecode.swift; path = AppDelegate.swift; sourceTree = "<group>"; };
		4594C76C205EEFEC00E3AA5B /* ViewController.swift */ = {isa = PBXFileReference; lastKnownFileType = sourcecode.swift; path = ViewController.swift; sourceTree = "<group>"; };
		4594C76F205EEFEC00E3AA5B /* Base */ = {isa = PBXFileReference; lastKnownFileType = file.storyboard; name = Base; path = Base.lproj/Main.storyboard; sourceTree = "<group>"; };
		4594C771205EEFEC00E3AA5B /* Assets.xcassets */ = {isa = PBXFileReference; lastKnownFileType = folder.assetcatalog; path = Assets.xcassets; sourceTree = "<group>"; };
		4594C774205EEFEC00E3AA5B /* Base */ = {isa = PBXFileReference; lastKnownFileType = file.storyboard; name = Base; path = Base.lproj/LaunchScreen.storyboard; sourceTree = "<group>"; };
		4594C776205EEFEC00E3AA5B /* Info.plist */ = {isa = PBXFileReference; lastKnownFileType = text.plist.xml; path = Info.plist; sourceTree = "<group>"; };
		4594C77B205EEFEC00E3AA5B /* TravelAppTests.xctest */ = {isa = PBXFileReference; explicitFileType = wrapper.cfbundle; includeInIndex = 0; path = TravelAppTests.xctest; sourceTree = BUILT_PRODUCTS_DIR; };
		4594C77F205EEFEC00E3AA5B /* TravelAppTests.swift */ = {isa = PBXFileReference; lastKnownFileType = sourcecode.swift; path = TravelAppTests.swift; sourceTree = "<group>"; };
		4594C781205EEFEC00E3AA5B /* Info.plist */ = {isa = PBXFileReference; lastKnownFileType = text.plist.xml; path = Info.plist; sourceTree = "<group>"; };
		4594C786205EEFEC00E3AA5B /* TravelAppUITests.xctest */ = {isa = PBXFileReference; explicitFileType = wrapper.cfbundle; includeInIndex = 0; path = TravelAppUITests.xctest; sourceTree = BUILT_PRODUCTS_DIR; };
		4594C78A205EEFEC00E3AA5B /* TravelAppUITests.swift */ = {isa = PBXFileReference; lastKnownFileType = sourcecode.swift; path = TravelAppUITests.swift; sourceTree = "<group>"; };
		4594C78C205EEFEC00E3AA5B /* Info.plist */ = {isa = PBXFileReference; lastKnownFileType = text.plist.xml; path = Info.plist; sourceTree = "<group>"; };
		4594C799205EF0BF00E3AA5B /* InitialViewController.swift */ = {isa = PBXFileReference; lastKnownFileType = sourcecode.swift; path = InitialViewController.swift; sourceTree = "<group>"; };
		4594C79B205EF1FF00E3AA5B /* MenuViewController.swift */ = {isa = PBXFileReference; lastKnownFileType = sourcecode.swift; path = MenuViewController.swift; sourceTree = "<group>"; };
		4594C79E205EF92300E3AA5B /* RoundedWhiteButton.swift */ = {isa = PBXFileReference; lastKnownFileType = sourcecode.swift; path = RoundedWhiteButton.swift; sourceTree = "<group>"; };
		4594C7A1205EFA2800E3AA5B /* Extensions.swift */ = {isa = PBXFileReference; lastKnownFileType = sourcecode.swift; path = Extensions.swift; sourceTree = "<group>"; };
		4594C7A3205F0F0900E3AA5B /* LogInViewController.swift */ = {isa = PBXFileReference; lastKnownFileType = sourcecode.swift; path = LogInViewController.swift; sourceTree = "<group>"; };
		459620B5206D1D9500E342B6 /* HomeViewController.swift */ = {isa = PBXFileReference; lastKnownFileType = sourcecode.swift; path = HomeViewController.swift; sourceTree = "<group>"; };
		45B6EEDF2068224800A380F5 /* SignUpViewController.swift */ = {isa = PBXFileReference; lastKnownFileType = sourcecode.swift; path = SignUpViewController.swift; sourceTree = "<group>"; };
		4B85A1FF9EE53B63121E11D0 /* Pods-TravelAppUITests.debug.xcconfig */ = {isa = PBXFileReference; includeInIndex = 1; lastKnownFileType = text.xcconfig; name = "Pods-TravelAppUITests.debug.xcconfig"; path = "Pods/Target Support Files/Pods-TravelAppUITests/Pods-TravelAppUITests.debug.xcconfig"; sourceTree = "<group>"; };
		58CA2A3ABD4B577E6D955BCB /* Pods_TravelApp.framework */ = {isa = PBXFileReference; explicitFileType = wrapper.framework; includeInIndex = 0; path = Pods_TravelApp.framework; sourceTree = BUILT_PRODUCTS_DIR; };
		9877A52ADDAC22ED10C91ADB /* Pods-TravelAppTests.release.xcconfig */ = {isa = PBXFileReference; includeInIndex = 1; lastKnownFileType = text.xcconfig; name = "Pods-TravelAppTests.release.xcconfig"; path = "Pods/Target Support Files/Pods-TravelAppTests/Pods-TravelAppTests.release.xcconfig"; sourceTree = "<group>"; };
		A194D28D64BD01E496ABE4D6 /* Pods-TravelAppUITests.release.xcconfig */ = {isa = PBXFileReference; includeInIndex = 1; lastKnownFileType = text.xcconfig; name = "Pods-TravelAppUITests.release.xcconfig"; path = "Pods/Target Support Files/Pods-TravelAppUITests/Pods-TravelAppUITests.release.xcconfig"; sourceTree = "<group>"; };
		B40087A120A9E94A0083A7B9 /* UserProfileViewController.swift */ = {isa = PBXFileReference; lastKnownFileType = sourcecode.swift; path = UserProfileViewController.swift; sourceTree = "<group>"; };
		B40F8B8320BEFCC00014945D /* CoverPhotoViewController.swift */ = {isa = PBXFileReference; lastKnownFileType = sourcecode.swift; path = CoverPhotoViewController.swift; sourceTree = "<group>"; };
		B40F8B8520BF0BC00014945D /* ObjectivInfoViewController.swift */ = {isa = PBXFileReference; lastKnownFileType = sourcecode.swift; path = ObjectivInfoViewController.swift; sourceTree = "<group>"; };
		B40F8B8720BF200D0014945D /* PinAnnotation.swift */ = {isa = PBXFileReference; lastKnownFileType = sourcecode.swift; path = PinAnnotation.swift; sourceTree = "<group>"; };
		B41E43D320B158B5008D1B61 /* GetAroundViewController.swift */ = {isa = PBXFileReference; lastKnownFileType = sourcecode.swift; path = GetAroundViewController.swift; sourceTree = "<group>"; };
		B41E43D520B1640A008D1B61 /* Location.swift */ = {isa = PBXFileReference; lastKnownFileType = sourcecode.swift; path = Location.swift; sourceTree = "<group>"; };
		B41E43D720B1C034008D1B61 /* MapKitViewController.swift */ = {isa = PBXFileReference; lastKnownFileType = sourcecode.swift; path = MapKitViewController.swift; sourceTree = "<group>"; };
		B42A8F2320C0072800CF072F /* CityExperiencesViewController.swift */ = {isa = PBXFileReference; lastKnownFileType = sourcecode.swift; path = CityExperiencesViewController.swift; sourceTree = "<group>"; };
		B45AD02F207F9A220056481E /* PostTableViewCell.swift */ = {isa = PBXFileReference; lastKnownFileType = sourcecode.swift; path = PostTableViewCell.swift; sourceTree = "<group>"; };
		B45AD030207F9A220056481E /* PostTableViewCell.xib */ = {isa = PBXFileReference; lastKnownFileType = file.xib; path = PostTableViewCell.xib; sourceTree = "<group>"; };
		B45AD034207FEE120056481E /* Post.swift */ = {isa = PBXFileReference; lastKnownFileType = sourcecode.swift; path = Post.swift; sourceTree = "<group>"; };
		B46C3A7020A33D1B0055E587 /* cityNameTableViewCell.swift */ = {isa = PBXFileReference; lastKnownFileType = sourcecode.swift; path = cityNameTableViewCell.swift; sourceTree = "<group>"; };
		B46C3A7220A352220055E587 /* CustomSearchBar.swift */ = {isa = PBXFileReference; lastKnownFileType = sourcecode.swift; path = CustomSearchBar.swift; sourceTree = "<group>"; };
		B46C5DEC2083F13E00BCA34E /* User.swift */ = {isa = PBXFileReference; lastKnownFileType = sourcecode.swift; path = User.swift; sourceTree = "<group>"; };
		B46C5DEF2083F33A00BCA34E /* userService.swift */ = {isa = PBXFileReference; lastKnownFileType = sourcecode.swift; path = userService.swift; sourceTree = "<group>"; };
		B46C5DF8208604A500BCA34E /* GoogleService-Info.plist */ = {isa = PBXFileReference; fileEncoding = 4; lastKnownFileType = text.plist.xml; name = "GoogleService-Info.plist"; path = "TravelApp/Views/GoogleService-Info.plist"; sourceTree = SOURCE_ROOT; };
		B46C5DFA20860C6000BCA34E /* ImageService.swift */ = {isa = PBXFileReference; lastKnownFileType = sourcecode.swift; path = ImageService.swift; sourceTree = "<group>"; };
		B4808E332099B0AF008BE191 /* PostDetailsViewController.swift */ = {isa = PBXFileReference; lastKnownFileType = sourcecode.swift; path = PostDetailsViewController.swift; sourceTree = "<group>"; };
		B49D9B6E20B043720017D5CB /* City.swift */ = {isa = PBXFileReference; lastKnownFileType = sourcecode.swift; path = City.swift; sourceTree = "<group>"; };
		B4A2C1B520AC879E00E395B6 /* CityDetailViewController.swift */ = {isa = PBXFileReference; lastKnownFileType = sourcecode.swift; path = CityDetailViewController.swift; sourceTree = "<group>"; };
		B4A2C1B720AC8CCE00E395B6 /* ThingsToDoViewController.swift */ = {isa = PBXFileReference; lastKnownFileType = sourcecode.swift; path = ThingsToDoViewController.swift; sourceTree = "<group>"; };
		B4A2C1B920AC9CDD00E395B6 /* cityCollectionViewCell.swift */ = {isa = PBXFileReference; lastKnownFileType = sourcecode.swift; path = cityCollectionViewCell.swift; sourceTree = "<group>"; };
		B4A2C1BB20AC9E9F00E395B6 /* Objectiv.swift */ = {isa = PBXFileReference; lastKnownFileType = sourcecode.swift; path = Objectiv.swift; sourceTree = "<group>"; };
		B4B13D6420CE8E4000EBFD12 /* FBSDKCoreKit.framework */ = {isa = PBXFileReference; lastKnownFileType = wrapper.framework; path = FBSDKCoreKit.framework; sourceTree = "<group>"; };
		B4B13D6620CE8E5A00EBFD12 /* FBSDKLoginKit.framework */ = {isa = PBXFileReference; lastKnownFileType = wrapper.framework; path = FBSDKLoginKit.framework; sourceTree = "<group>"; };
		B4B8234B209DB89E0088304D /* trymapViewController.swift */ = {isa = PBXFileReference; lastKnownFileType = sourcecode.swift; path = trymapViewController.swift; sourceTree = "<group>"; };
		B4B8234D209DBB920088304D /* SearchResultsController.swift */ = {isa = PBXFileReference; lastKnownFileType = sourcecode.swift; path = SearchResultsController.swift; sourceTree = "<group>"; };
		B4B856EE20C82CFD00DCD35D /* FeedMeViewController.swift */ = {isa = PBXFileReference; lastKnownFileType = sourcecode.swift; path = FeedMeViewController.swift; sourceTree = "<group>"; };
		B4B856F020C82D8900DCD35D /* TypesTableViewController.swift */ = {isa = PBXFileReference; lastKnownFileType = sourcecode.swift; path = TypesTableViewController.swift; sourceTree = "<group>"; };
		B4BF376D2081FC4300FDA0BE /* PostCollectionViewCell.swift */ = {isa = PBXFileReference; lastKnownFileType = sourcecode.swift; path = PostCollectionViewCell.swift; sourceTree = "<group>"; };
		B4BF376E2081FC4300FDA0BE /* PostCollectionViewCell.xib */ = {isa = PBXFileReference; lastKnownFileType = file.xib; path = PostCollectionViewCell.xib; sourceTree = "<group>"; };
		B4BF37712082021500FDA0BE /* FirstViewController.swift */ = {isa = PBXFileReference; lastKnownFileType = sourcecode.swift; path = FirstViewController.swift; sourceTree = "<group>"; };
		B4BF377520823ACA00FDA0BE /* NewPostViewController.swift */ = {isa = PBXFileReference; lastKnownFileType = sourcecode.swift; path = NewPostViewController.swift; sourceTree = "<group>"; };
		B4CA58D020B7291300D1B030 /* RootPageViewController.swift */ = {isa = PBXFileReference; lastKnownFileType = sourcecode.swift; path = RootPageViewController.swift; sourceTree = "<group>"; };
		B4EEFF6F20C94ACF00A788A8 /* MarkerInfoView.xib */ = {isa = PBXFileReference; fileEncoding = 4; lastKnownFileType = file.xib; path = MarkerInfoView.xib; sourceTree = "<group>"; };
		B4EEFF7020C94AD000A788A8 /* MarkerInfoView.swift */ = {isa = PBXFileReference; fileEncoding = 4; lastKnownFileType = sourcecode.swift; path = MarkerInfoView.swift; sourceTree = "<group>"; };
		B4EEFF7320C94CD100A788A8 /* PlaceMarker.swift */ = {isa = PBXFileReference; lastKnownFileType = sourcecode.swift; path = PlaceMarker.swift; sourceTree = "<group>"; };
		B4EEFF7520C9505200A788A8 /* GooglePlace.swift */ = {isa = PBXFileReference; lastKnownFileType = sourcecode.swift; path = GooglePlace.swift; sourceTree = "<group>"; };
		B4EEFF7720C9507200A788A8 /* GoogleDataProvider.swift */ = {isa = PBXFileReference; lastKnownFileType = sourcecode.swift; path = GoogleDataProvider.swift; sourceTree = "<group>"; };
		B4F7C9A520A498A8002E54D7 /* PostAuthorDetailsViewController.swift */ = {isa = PBXFileReference; lastKnownFileType = sourcecode.swift; path = PostAuthorDetailsViewController.swift; sourceTree = "<group>"; };
		DDECD9828AD56C05ECDB68C9 /* Pods-TravelAppTests.debug.xcconfig */ = {isa = PBXFileReference; includeInIndex = 1; lastKnownFileType = text.xcconfig; name = "Pods-TravelAppTests.debug.xcconfig"; path = "Pods/Target Support Files/Pods-TravelAppTests/Pods-TravelAppTests.debug.xcconfig"; sourceTree = "<group>"; };
		FBC3901F979F9C9C1F17A6E8 /* Pods-TravelApp.debug.xcconfig */ = {isa = PBXFileReference; includeInIndex = 1; lastKnownFileType = text.xcconfig; name = "Pods-TravelApp.debug.xcconfig"; path = "Pods/Target Support Files/Pods-TravelApp/Pods-TravelApp.debug.xcconfig"; sourceTree = "<group>"; };
/* End PBXFileReference section */

/* Begin PBXFrameworksBuildPhase section */
		4594C764205EEFEC00E3AA5B /* Frameworks */ = {
			isa = PBXFrameworksBuildPhase;
			buildActionMask = 2147483647;
			files = (
				48829C9505F15414C909A25A /* Pods_TravelApp.framework in Frameworks */,
				B4B13D6520CE8E4100EBFD12 /* FBSDKCoreKit.framework in Frameworks */,
				B4B13D6720CE8E5A00EBFD12 /* FBSDKLoginKit.framework in Frameworks */,
			);
			runOnlyForDeploymentPostprocessing = 0;
		};
		4594C778205EEFEC00E3AA5B /* Frameworks */ = {
			isa = PBXFrameworksBuildPhase;
			buildActionMask = 2147483647;
			files = (
				83E098DBDD2FC25E47F79D88 /* Pods_TravelAppTests.framework in Frameworks */,
			);
			runOnlyForDeploymentPostprocessing = 0;
		};
		4594C783205EEFEC00E3AA5B /* Frameworks */ = {
			isa = PBXFrameworksBuildPhase;
			buildActionMask = 2147483647;
			files = (
				FE8A0EDABA3C08B20DCEF79F /* Pods_TravelAppUITests.framework in Frameworks */,
			);
			runOnlyForDeploymentPostprocessing = 0;
		};
/* End PBXFrameworksBuildPhase section */

/* Begin PBXGroup section */
		4594C75E205EEFEC00E3AA5B = {
			isa = PBXGroup;
			children = (
				B46C5DEE2083F32700BCA34E /* Services */,
				4594C769205EEFEC00E3AA5B /* TravelApp */,
				4594C77E205EEFEC00E3AA5B /* TravelAppTests */,
				4594C789205EEFEC00E3AA5B /* TravelAppUITests */,
				4594C768205EEFEC00E3AA5B /* Products */,
				7F75BB01B805CD8C0AC8BB5B /* Pods */,
				47D4452711824B3F134CD2A4 /* Frameworks */,
			);
			sourceTree = "<group>";
		};
		4594C768205EEFEC00E3AA5B /* Products */ = {
			isa = PBXGroup;
			children = (
				4594C767205EEFEC00E3AA5B /* TravelApp.app */,
				4594C77B205EEFEC00E3AA5B /* TravelAppTests.xctest */,
				4594C786205EEFEC00E3AA5B /* TravelAppUITests.xctest */,
			);
			name = Products;
			sourceTree = "<group>";
		};
		4594C769205EEFEC00E3AA5B /* TravelApp */ = {
			isa = PBXGroup;
			children = (
				B46C5DF22085F5F900BCA34E /* Storyboads */,
				B45AD033207FED450056481E /* Models */,
				4594C7A0205EFA0400E3AA5B /* Helpers */,
				4594C798205EF09600E3AA5B /* Views */,
				4594C76A205EEFEC00E3AA5B /* AppDelegate.swift */,
				4594C76C205EEFEC00E3AA5B /* ViewController.swift */,
				4594C771205EEFEC00E3AA5B /* Assets.xcassets */,
				B4B13D6620CE8E5A00EBFD12 /* FBSDKLoginKit.framework */,
				B4B13D6420CE8E4000EBFD12 /* FBSDKCoreKit.framework */,
				4594C776205EEFEC00E3AA5B /* Info.plist */,
			);
			path = TravelApp;
			sourceTree = "<group>";
		};
		4594C77E205EEFEC00E3AA5B /* TravelAppTests */ = {
			isa = PBXGroup;
			children = (
				4594C77F205EEFEC00E3AA5B /* TravelAppTests.swift */,
				4594C781205EEFEC00E3AA5B /* Info.plist */,
			);
			path = TravelAppTests;
			sourceTree = "<group>";
		};
		4594C789205EEFEC00E3AA5B /* TravelAppUITests */ = {
			isa = PBXGroup;
			children = (
				4594C78A205EEFEC00E3AA5B /* TravelAppUITests.swift */,
				4594C78C205EEFEC00E3AA5B /* Info.plist */,
			);
			path = TravelAppUITests;
			sourceTree = "<group>";
		};
		4594C798205EF09600E3AA5B /* Views */ = {
			isa = PBXGroup;
			children = (
				B4A2C1B420AC878300E395B6 /* MoreInfo */,
				B46BE51B20A9E8FC00C3E395 /* Profile */,
				B4808E322099AF43008BE191 /* Post */,
				B46C5DF42085F65100BCA34E /* ToDelete */,
				B46C5DF12085F57100BCA34E /* Authentication */,
				459620B5206D1D9500E342B6 /* HomeViewController.swift */,
			);
			path = Views;
			sourceTree = "<group>";
		};
		4594C79D205EF8DA00E3AA5B /* Design */ = {
			isa = PBXGroup;
			children = (
				4594C79E205EF92300E3AA5B /* RoundedWhiteButton.swift */,
				B46C3A7220A352220055E587 /* CustomSearchBar.swift */,
			);
			path = Design;
			sourceTree = "<group>";
		};
		4594C7A0205EFA0400E3AA5B /* Helpers */ = {
			isa = PBXGroup;
			children = (
				4594C79D205EF8DA00E3AA5B /* Design */,
				4594C7A1205EFA2800E3AA5B /* Extensions.swift */,
				B4B8234D209DBB920088304D /* SearchResultsController.swift */,
				B46C3A7020A33D1B0055E587 /* cityNameTableViewCell.swift */,
				B40F8B8720BF200D0014945D /* PinAnnotation.swift */,
			);
			path = Helpers;
			sourceTree = "<group>";
		};
		47D4452711824B3F134CD2A4 /* Frameworks */ = {
			isa = PBXGroup;
			children = (
				58CA2A3ABD4B577E6D955BCB /* Pods_TravelApp.framework */,
				3D02B2AD37E97DE27473A628 /* Pods_TravelAppTests.framework */,
				0ADE24936A21C99D717013CF /* Pods_TravelAppUITests.framework */,
			);
			name = Frameworks;
			sourceTree = "<group>";
		};
		7F75BB01B805CD8C0AC8BB5B /* Pods */ = {
			isa = PBXGroup;
			children = (
				FBC3901F979F9C9C1F17A6E8 /* Pods-TravelApp.debug.xcconfig */,
				33B2D500B0F25F2320A08B84 /* Pods-TravelApp.release.xcconfig */,
				DDECD9828AD56C05ECDB68C9 /* Pods-TravelAppTests.debug.xcconfig */,
				9877A52ADDAC22ED10C91ADB /* Pods-TravelAppTests.release.xcconfig */,
				4B85A1FF9EE53B63121E11D0 /* Pods-TravelAppUITests.debug.xcconfig */,
				A194D28D64BD01E496ABE4D6 /* Pods-TravelAppUITests.release.xcconfig */,
			);
			name = Pods;
			sourceTree = "<group>";
		};
		B45AD033207FED450056481E /* Models */ = {
			isa = PBXGroup;
			children = (
				B45AD034207FEE120056481E /* Post.swift */,
				B46C5DEC2083F13E00BCA34E /* User.swift */,
				B4A2C1BB20AC9E9F00E395B6 /* Objectiv.swift */,
				B49D9B6E20B043720017D5CB /* City.swift */,
				B41E43D520B1640A008D1B61 /* Location.swift */,
				B4EEFF7520C9505200A788A8 /* GooglePlace.swift */,
				B4EEFF7720C9507200A788A8 /* GoogleDataProvider.swift */,
			);
			path = Models;
			sourceTree = "<group>";
		};
		B46BE51B20A9E8FC00C3E395 /* Profile */ = {
			isa = PBXGroup;
			children = (
				B4F7C9A520A498A8002E54D7 /* PostAuthorDetailsViewController.swift */,
				B40087A120A9E94A0083A7B9 /* UserProfileViewController.swift */,
			);
			path = Profile;
			sourceTree = "<group>";
		};
		B46C5DEE2083F32700BCA34E /* Services */ = {
			isa = PBXGroup;
			children = (
				B46C5DEF2083F33A00BCA34E /* userService.swift */,
				B46C5DFA20860C6000BCA34E /* ImageService.swift */,
			);
			path = Services;
			sourceTree = "<group>";
		};
		B46C5DF12085F57100BCA34E /* Authentication */ = {
			isa = PBXGroup;
			children = (
				B46C5DF8208604A500BCA34E /* GoogleService-Info.plist */,
				4594C7A3205F0F0900E3AA5B /* LogInViewController.swift */,
				4594C79B205EF1FF00E3AA5B /* MenuViewController.swift */,
				4594C799205EF0BF00E3AA5B /* InitialViewController.swift */,
				45B6EEDF2068224800A380F5 /* SignUpViewController.swift */,
			);
			path = Authentication;
			sourceTree = "<group>";
		};
		B46C5DF22085F5F900BCA34E /* Storyboads */ = {
			isa = PBXGroup;
			children = (
				4594C773205EEFEC00E3AA5B /* LaunchScreen.storyboard */,
				4594C76E205EEFEC00E3AA5B /* Main.storyboard */,
			);
			path = Storyboads;
			sourceTree = "<group>";
		};
		B46C5DF42085F65100BCA34E /* ToDelete */ = {
			isa = PBXGroup;
			children = (
				B45AD030207F9A220056481E /* PostTableViewCell.xib */,
				B41E43D320B158B5008D1B61 /* GetAroundViewController.swift */,
				B45AD02F207F9A220056481E /* PostTableViewCell.swift */,
			);
			path = ToDelete;
			sourceTree = "<group>";
		};
		B4808E322099AF43008BE191 /* Post */ = {
			isa = PBXGroup;
			children = (
				B4BF376E2081FC4300FDA0BE /* PostCollectionViewCell.xib */,
				B4BF37712082021500FDA0BE /* FirstViewController.swift */,
				B4BF377520823ACA00FDA0BE /* NewPostViewController.swift */,
				B4BF376D2081FC4300FDA0BE /* PostCollectionViewCell.swift */,
				B4808E332099B0AF008BE191 /* PostDetailsViewController.swift */,
				B4B8234B209DB89E0088304D /* trymapViewController.swift */,
			);
			path = Post;
			sourceTree = "<group>";
		};
		B4A2C1B420AC878300E395B6 /* MoreInfo */ = {
			isa = PBXGroup;
			children = (
				B4EEFF7020C94AD000A788A8 /* MarkerInfoView.swift */,
				B4EEFF6F20C94ACF00A788A8 /* MarkerInfoView.xib */,
				B4A2C1B520AC879E00E395B6 /* CityDetailViewController.swift */,
				B4A2C1B720AC8CCE00E395B6 /* ThingsToDoViewController.swift */,
				B4A2C1B920AC9CDD00E395B6 /* cityCollectionViewCell.swift */,
				B41E43D720B1C034008D1B61 /* MapKitViewController.swift */,
				B4CA58D020B7291300D1B030 /* RootPageViewController.swift */,
				B40F8B8320BEFCC00014945D /* CoverPhotoViewController.swift */,
				B40F8B8520BF0BC00014945D /* ObjectivInfoViewController.swift */,
				B42A8F2320C0072800CF072F /* CityExperiencesViewController.swift */,
				B4B856EE20C82CFD00DCD35D /* FeedMeViewController.swift */,
				B4B856F020C82D8900DCD35D /* TypesTableViewController.swift */,
				B4EEFF7320C94CD100A788A8 /* PlaceMarker.swift */,
			);
			path = MoreInfo;
			sourceTree = "<group>";
		};
/* End PBXGroup section */

/* Begin PBXNativeTarget section */
		4594C766205EEFEC00E3AA5B /* TravelApp */ = {
			isa = PBXNativeTarget;
			buildConfigurationList = 4594C78F205EEFEC00E3AA5B /* Build configuration list for PBXNativeTarget "TravelApp" */;
			buildPhases = (
				0D442C66DBC9E7B88D245040 /* [CP] Check Pods Manifest.lock */,
				4594C763205EEFEC00E3AA5B /* Sources */,
				4594C764205EEFEC00E3AA5B /* Frameworks */,
				4594C765205EEFEC00E3AA5B /* Resources */,
				787B6579C83FCE9E4F9E85EE /* [CP] Embed Pods Frameworks */,
				A6A56C0CF3C326EED2B764E3 /* [CP] Copy Pods Resources */,
			);
			buildRules = (
			);
			dependencies = (
			);
			name = TravelApp;
			productName = TravelApp;
			productReference = 4594C767205EEFEC00E3AA5B /* TravelApp.app */;
			productType = "com.apple.product-type.application";
		};
		4594C77A205EEFEC00E3AA5B /* TravelAppTests */ = {
			isa = PBXNativeTarget;
			buildConfigurationList = 4594C792205EEFEC00E3AA5B /* Build configuration list for PBXNativeTarget "TravelAppTests" */;
			buildPhases = (
				6CC840FC9B29123B02C05438 /* [CP] Check Pods Manifest.lock */,
				4594C777205EEFEC00E3AA5B /* Sources */,
				4594C778205EEFEC00E3AA5B /* Frameworks */,
				4594C779205EEFEC00E3AA5B /* Resources */,
			);
			buildRules = (
			);
			dependencies = (
				4594C77D205EEFEC00E3AA5B /* PBXTargetDependency */,
			);
			name = TravelAppTests;
			productName = TravelAppTests;
			productReference = 4594C77B205EEFEC00E3AA5B /* TravelAppTests.xctest */;
			productType = "com.apple.product-type.bundle.unit-test";
		};
		4594C785205EEFEC00E3AA5B /* TravelAppUITests */ = {
			isa = PBXNativeTarget;
			buildConfigurationList = 4594C795205EEFEC00E3AA5B /* Build configuration list for PBXNativeTarget "TravelAppUITests" */;
			buildPhases = (
				D9EDEB1B34757ECB49CA5B8E /* [CP] Check Pods Manifest.lock */,
				4594C782205EEFEC00E3AA5B /* Sources */,
				4594C783205EEFEC00E3AA5B /* Frameworks */,
				4594C784205EEFEC00E3AA5B /* Resources */,
			);
			buildRules = (
			);
			dependencies = (
				4594C788205EEFEC00E3AA5B /* PBXTargetDependency */,
			);
			name = TravelAppUITests;
			productName = TravelAppUITests;
			productReference = 4594C786205EEFEC00E3AA5B /* TravelAppUITests.xctest */;
			productType = "com.apple.product-type.bundle.ui-testing";
		};
/* End PBXNativeTarget section */

/* Begin PBXProject section */
		4594C75F205EEFEC00E3AA5B /* Project object */ = {
			isa = PBXProject;
			attributes = {
				LastSwiftUpdateCheck = 0900;
				LastUpgradeCheck = 0900;
				ORGANIZATIONNAME = HS;
				TargetAttributes = {
					4594C766205EEFEC00E3AA5B = {
						CreatedOnToolsVersion = 9.0;
						ProvisioningStyle = Automatic;
					};
					4594C77A205EEFEC00E3AA5B = {
						CreatedOnToolsVersion = 9.0;
						ProvisioningStyle = Automatic;
						TestTargetID = 4594C766205EEFEC00E3AA5B;
					};
					4594C785205EEFEC00E3AA5B = {
						CreatedOnToolsVersion = 9.0;
						ProvisioningStyle = Automatic;
						TestTargetID = 4594C766205EEFEC00E3AA5B;
					};
				};
			};
			buildConfigurationList = 4594C762205EEFEC00E3AA5B /* Build configuration list for PBXProject "TravelApp" */;
			compatibilityVersion = "Xcode 8.0";
			developmentRegion = en;
			hasScannedForEncodings = 0;
			knownRegions = (
				en,
				Base,
			);
			mainGroup = 4594C75E205EEFEC00E3AA5B;
			productRefGroup = 4594C768205EEFEC00E3AA5B /* Products */;
			projectDirPath = "";
			projectRoot = "";
			targets = (
				4594C766205EEFEC00E3AA5B /* TravelApp */,
				4594C77A205EEFEC00E3AA5B /* TravelAppTests */,
				4594C785205EEFEC00E3AA5B /* TravelAppUITests */,
			);
		};
/* End PBXProject section */

/* Begin PBXResourcesBuildPhase section */
		4594C765205EEFEC00E3AA5B /* Resources */ = {
			isa = PBXResourcesBuildPhase;
			buildActionMask = 2147483647;
			files = (
				4594C775205EEFEC00E3AA5B /* LaunchScreen.storyboard in Resources */,
				B45AD032207F9A220056481E /* PostTableViewCell.xib in Resources */,
				B4BF37702081FC4300FDA0BE /* PostCollectionViewCell.xib in Resources */,
				4594C772205EEFEC00E3AA5B /* Assets.xcassets in Resources */,
				4594C770205EEFEC00E3AA5B /* Main.storyboard in Resources */,
				B4EEFF7120C94AD000A788A8 /* MarkerInfoView.xib in Resources */,
				B46C5DF9208604A500BCA34E /* GoogleService-Info.plist in Resources */,
			);
			runOnlyForDeploymentPostprocessing = 0;
		};
		4594C779205EEFEC00E3AA5B /* Resources */ = {
			isa = PBXResourcesBuildPhase;
			buildActionMask = 2147483647;
			files = (
			);
			runOnlyForDeploymentPostprocessing = 0;
		};
		4594C784205EEFEC00E3AA5B /* Resources */ = {
			isa = PBXResourcesBuildPhase;
			buildActionMask = 2147483647;
			files = (
			);
			runOnlyForDeploymentPostprocessing = 0;
		};
/* End PBXResourcesBuildPhase section */

/* Begin PBXShellScriptBuildPhase section */
		0D442C66DBC9E7B88D245040 /* [CP] Check Pods Manifest.lock */ = {
			isa = PBXShellScriptBuildPhase;
			buildActionMask = 2147483647;
			files = (
			);
			inputPaths = (
				"${PODS_PODFILE_DIR_PATH}/Podfile.lock",
				"${PODS_ROOT}/Manifest.lock",
			);
			name = "[CP] Check Pods Manifest.lock";
			outputPaths = (
				"$(DERIVED_FILE_DIR)/Pods-TravelApp-checkManifestLockResult.txt",
			);
			runOnlyForDeploymentPostprocessing = 0;
			shellPath = /bin/sh;
			shellScript = "diff \"${PODS_PODFILE_DIR_PATH}/Podfile.lock\" \"${PODS_ROOT}/Manifest.lock\" > /dev/null\nif [ $? != 0 ] ; then\n    # print error to STDERR\n    echo \"error: The sandbox is not in sync with the Podfile.lock. Run 'pod install' or update your CocoaPods installation.\" >&2\n    exit 1\nfi\n# This output is used by Xcode 'outputs' to avoid re-running this script phase.\necho \"SUCCESS\" > \"${SCRIPT_OUTPUT_FILE_0}\"\n";
			showEnvVarsInLog = 0;
		};
		6CC840FC9B29123B02C05438 /* [CP] Check Pods Manifest.lock */ = {
			isa = PBXShellScriptBuildPhase;
			buildActionMask = 2147483647;
			files = (
			);
			inputPaths = (
				"${PODS_PODFILE_DIR_PATH}/Podfile.lock",
				"${PODS_ROOT}/Manifest.lock",
			);
			name = "[CP] Check Pods Manifest.lock";
			outputPaths = (
				"$(DERIVED_FILE_DIR)/Pods-TravelAppTests-checkManifestLockResult.txt",
			);
			runOnlyForDeploymentPostprocessing = 0;
			shellPath = /bin/sh;
			shellScript = "diff \"${PODS_PODFILE_DIR_PATH}/Podfile.lock\" \"${PODS_ROOT}/Manifest.lock\" > /dev/null\nif [ $? != 0 ] ; then\n    # print error to STDERR\n    echo \"error: The sandbox is not in sync with the Podfile.lock. Run 'pod install' or update your CocoaPods installation.\" >&2\n    exit 1\nfi\n# This output is used by Xcode 'outputs' to avoid re-running this script phase.\necho \"SUCCESS\" > \"${SCRIPT_OUTPUT_FILE_0}\"\n";
			showEnvVarsInLog = 0;
		};
		787B6579C83FCE9E4F9E85EE /* [CP] Embed Pods Frameworks */ = {
			isa = PBXShellScriptBuildPhase;
			buildActionMask = 2147483647;
			files = (
			);
			inputPaths = (
				"${SRCROOT}/Pods/Target Support Files/Pods-TravelApp/Pods-TravelApp-frameworks.sh",
				"${BUILT_PRODUCTS_DIR}/CryptoSwift/CryptoSwift.framework",
				"${BUILT_PRODUCTS_DIR}/GTMSessionFetcher/GTMSessionFetcher.framework",
				"${BUILT_PRODUCTS_DIR}/GooglePlacesSearchController/GooglePlacesSearchController.framework",
				"${BUILT_PRODUCTS_DIR}/GoogleToolboxForMac/GoogleToolboxForMac.framework",
				"${BUILT_PRODUCTS_DIR}/Protobuf/Protobuf.framework",
				"${BUILT_PRODUCTS_DIR}/RNCryptor/RNCryptor.framework",
				"${BUILT_PRODUCTS_DIR}/SwiftyJSON/SwiftyJSON.framework",
				"${BUILT_PRODUCTS_DIR}/leveldb-library/leveldb.framework",
				"${BUILT_PRODUCTS_DIR}/nanopb/nanopb.framework",
			);
			name = "[CP] Embed Pods Frameworks";
			outputPaths = (
				"${TARGET_BUILD_DIR}/${FRAMEWORKS_FOLDER_PATH}/CryptoSwift.framework",
				"${TARGET_BUILD_DIR}/${FRAMEWORKS_FOLDER_PATH}/GTMSessionFetcher.framework",
				"${TARGET_BUILD_DIR}/${FRAMEWORKS_FOLDER_PATH}/GooglePlacesSearchController.framework",
				"${TARGET_BUILD_DIR}/${FRAMEWORKS_FOLDER_PATH}/GoogleToolboxForMac.framework",
				"${TARGET_BUILD_DIR}/${FRAMEWORKS_FOLDER_PATH}/Protobuf.framework",
				"${TARGET_BUILD_DIR}/${FRAMEWORKS_FOLDER_PATH}/RNCryptor.framework",
				"${TARGET_BUILD_DIR}/${FRAMEWORKS_FOLDER_PATH}/SwiftyJSON.framework",
				"${TARGET_BUILD_DIR}/${FRAMEWORKS_FOLDER_PATH}/leveldb.framework",
				"${TARGET_BUILD_DIR}/${FRAMEWORKS_FOLDER_PATH}/nanopb.framework",
			);
			runOnlyForDeploymentPostprocessing = 0;
			shellPath = /bin/sh;
			shellScript = "\"${SRCROOT}/Pods/Target Support Files/Pods-TravelApp/Pods-TravelApp-frameworks.sh\"\n";
			showEnvVarsInLog = 0;
		};
		A6A56C0CF3C326EED2B764E3 /* [CP] Copy Pods Resources */ = {
			isa = PBXShellScriptBuildPhase;
			buildActionMask = 2147483647;
			files = (
			);
			inputPaths = (
				"${SRCROOT}/Pods/Target Support Files/Pods-TravelApp/Pods-TravelApp-resources.sh",
				"${PODS_ROOT}/GoogleMaps/Maps/Frameworks/GoogleMaps.framework/Resources/GoogleMaps.bundle",
				"${PODS_ROOT}/GooglePlaces/Frameworks/GooglePlaces.framework/Resources/GooglePlaces.bundle",
			);
			name = "[CP] Copy Pods Resources";
			outputPaths = (
				"${TARGET_BUILD_DIR}/${UNLOCALIZED_RESOURCES_FOLDER_PATH}/GoogleMaps.bundle",
				"${TARGET_BUILD_DIR}/${UNLOCALIZED_RESOURCES_FOLDER_PATH}/GooglePlaces.bundle",
			);
			runOnlyForDeploymentPostprocessing = 0;
			shellPath = /bin/sh;
			shellScript = "\"${SRCROOT}/Pods/Target Support Files/Pods-TravelApp/Pods-TravelApp-resources.sh\"\n";
			showEnvVarsInLog = 0;
		};
		D9EDEB1B34757ECB49CA5B8E /* [CP] Check Pods Manifest.lock */ = {
			isa = PBXShellScriptBuildPhase;
			buildActionMask = 2147483647;
			files = (
			);
			inputPaths = (
				"${PODS_PODFILE_DIR_PATH}/Podfile.lock",
				"${PODS_ROOT}/Manifest.lock",
			);
			name = "[CP] Check Pods Manifest.lock";
			outputPaths = (
				"$(DERIVED_FILE_DIR)/Pods-TravelAppUITests-checkManifestLockResult.txt",
			);
			runOnlyForDeploymentPostprocessing = 0;
			shellPath = /bin/sh;
			shellScript = "diff \"${PODS_PODFILE_DIR_PATH}/Podfile.lock\" \"${PODS_ROOT}/Manifest.lock\" > /dev/null\nif [ $? != 0 ] ; then\n    # print error to STDERR\n    echo \"error: The sandbox is not in sync with the Podfile.lock. Run 'pod install' or update your CocoaPods installation.\" >&2\n    exit 1\nfi\n# This output is used by Xcode 'outputs' to avoid re-running this script phase.\necho \"SUCCESS\" > \"${SCRIPT_OUTPUT_FILE_0}\"\n";
			showEnvVarsInLog = 0;
		};
/* End PBXShellScriptBuildPhase section */

/* Begin PBXSourcesBuildPhase section */
		4594C763205EEFEC00E3AA5B /* Sources */ = {
			isa = PBXSourcesBuildPhase;
			buildActionMask = 2147483647;
			files = (
				B4EEFF7220C94AD000A788A8 /* MarkerInfoView.swift in Sources */,
				B45AD031207F9A220056481E /* PostTableViewCell.swift in Sources */,
				B42A8F2420C0072800CF072F /* CityExperiencesViewController.swift in Sources */,
				B40087A220A9E94A0083A7B9 /* UserProfileViewController.swift in Sources */,
				4594C79A205EF0BF00E3AA5B /* InitialViewController.swift in Sources */,
				B4A2C1BC20AC9E9F00E395B6 /* Objectiv.swift in Sources */,
				4594C7A2205EFA2800E3AA5B /* Extensions.swift in Sources */,
				B40F8B8420BEFCC00014945D /* CoverPhotoViewController.swift in Sources */,
				B4808E342099B0AF008BE191 /* PostDetailsViewController.swift in Sources */,
				B4B8234C209DB89E0088304D /* trymapViewController.swift in Sources */,
				B4F7C9A620A498A8002E54D7 /* PostAuthorDetailsViewController.swift in Sources */,
				B45AD035207FEE120056481E /* Post.swift in Sources */,
				B46C3A7120A33D1B0055E587 /* cityNameTableViewCell.swift in Sources */,
				B46C5DED2083F13E00BCA34E /* User.swift in Sources */,
				45B6EEE02068224800A380F5 /* SignUpViewController.swift in Sources */,
				B4B856EF20C82CFD00DCD35D /* FeedMeViewController.swift in Sources */,
				B4B8234E209DBB920088304D /* SearchResultsController.swift in Sources */,
				4594C79F205EF92300E3AA5B /* RoundedWhiteButton.swift in Sources */,
				B41E43D420B158B5008D1B61 /* GetAroundViewController.swift in Sources */,
				B40F8B8820BF200D0014945D /* PinAnnotation.swift in Sources */,
				B4EEFF7620C9505200A788A8 /* GooglePlace.swift in Sources */,
				B4A2C1B820AC8CCE00E395B6 /* ThingsToDoViewController.swift in Sources */,
				B4EEFF7820C9507200A788A8 /* GoogleDataProvider.swift in Sources */,
				4594C7A4205F0F0A00E3AA5B /* LogInViewController.swift in Sources */,
				459620B6206D1D9500E342B6 /* HomeViewController.swift in Sources */,
				B4BF376F2081FC4300FDA0BE /* PostCollectionViewCell.swift in Sources */,
				4594C76D205EEFEC00E3AA5B /* ViewController.swift in Sources */,
				4594C76B205EEFEC00E3AA5B /* AppDelegate.swift in Sources */,
				B4A2C1BA20AC9CDD00E395B6 /* cityCollectionViewCell.swift in Sources */,
				B46C5DF02083F33A00BCA34E /* userService.swift in Sources */,
				B40F8B8620BF0BC00014945D /* ObjectivInfoViewController.swift in Sources */,
				B4EEFF7420C94CD100A788A8 /* PlaceMarker.swift in Sources */,
				B46C5DFB20860C6000BCA34E /* ImageService.swift in Sources */,
				4594C79C205EF1FF00E3AA5B /* MenuViewController.swift in Sources */,
				B49D9B6F20B043720017D5CB /* City.swift in Sources */,
				B41E43D820B1C034008D1B61 /* MapKitViewController.swift in Sources */,
				B4BF37722082021500FDA0BE /* FirstViewController.swift in Sources */,
				B46C3A7320A352220055E587 /* CustomSearchBar.swift in Sources */,
				B41E43D620B1640A008D1B61 /* Location.swift in Sources */,
				B4B856F120C82D8900DCD35D /* TypesTableViewController.swift in Sources */,
				B4CA58D120B7291300D1B030 /* RootPageViewController.swift in Sources */,
				B4BF377620823ACA00FDA0BE /* NewPostViewController.swift in Sources */,
				B4A2C1B620AC879E00E395B6 /* CityDetailViewController.swift in Sources */,
			);
			runOnlyForDeploymentPostprocessing = 0;
		};
		4594C777205EEFEC00E3AA5B /* Sources */ = {
			isa = PBXSourcesBuildPhase;
			buildActionMask = 2147483647;
			files = (
				4594C780205EEFEC00E3AA5B /* TravelAppTests.swift in Sources */,
			);
			runOnlyForDeploymentPostprocessing = 0;
		};
		4594C782205EEFEC00E3AA5B /* Sources */ = {
			isa = PBXSourcesBuildPhase;
			buildActionMask = 2147483647;
			files = (
				4594C78B205EEFEC00E3AA5B /* TravelAppUITests.swift in Sources */,
			);
			runOnlyForDeploymentPostprocessing = 0;
		};
/* End PBXSourcesBuildPhase section */

/* Begin PBXTargetDependency section */
		4594C77D205EEFEC00E3AA5B /* PBXTargetDependency */ = {
			isa = PBXTargetDependency;
			target = 4594C766205EEFEC00E3AA5B /* TravelApp */;
			targetProxy = 4594C77C205EEFEC00E3AA5B /* PBXContainerItemProxy */;
		};
		4594C788205EEFEC00E3AA5B /* PBXTargetDependency */ = {
			isa = PBXTargetDependency;
			target = 4594C766205EEFEC00E3AA5B /* TravelApp */;
			targetProxy = 4594C787205EEFEC00E3AA5B /* PBXContainerItemProxy */;
		};
/* End PBXTargetDependency section */

/* Begin PBXVariantGroup section */
		4594C76E205EEFEC00E3AA5B /* Main.storyboard */ = {
			isa = PBXVariantGroup;
			children = (
				4594C76F205EEFEC00E3AA5B /* Base */,
			);
			name = Main.storyboard;
			sourceTree = "<group>";
		};
		4594C773205EEFEC00E3AA5B /* LaunchScreen.storyboard */ = {
			isa = PBXVariantGroup;
			children = (
				4594C774205EEFEC00E3AA5B /* Base */,
			);
			name = LaunchScreen.storyboard;
			sourceTree = "<group>";
		};
/* End PBXVariantGroup section */

/* Begin XCBuildConfiguration section */
		4594C78D205EEFEC00E3AA5B /* Debug */ = {
			isa = XCBuildConfiguration;
			buildSettings = {
				ALWAYS_SEARCH_USER_PATHS = NO;
				CLANG_ANALYZER_NONNULL = YES;
				CLANG_ANALYZER_NUMBER_OBJECT_CONVERSION = YES_AGGRESSIVE;
				CLANG_CXX_LANGUAGE_STANDARD = "gnu++14";
				CLANG_CXX_LIBRARY = "libc++";
				CLANG_ENABLE_MODULES = YES;
				CLANG_ENABLE_OBJC_ARC = YES;
				CLANG_WARN_BLOCK_CAPTURE_AUTORELEASING = YES;
				CLANG_WARN_BOOL_CONVERSION = YES;
				CLANG_WARN_COMMA = YES;
				CLANG_WARN_CONSTANT_CONVERSION = YES;
				CLANG_WARN_DIRECT_OBJC_ISA_USAGE = YES_ERROR;
				CLANG_WARN_DOCUMENTATION_COMMENTS = YES;
				CLANG_WARN_EMPTY_BODY = YES;
				CLANG_WARN_ENUM_CONVERSION = YES;
				CLANG_WARN_INFINITE_RECURSION = YES;
				CLANG_WARN_INT_CONVERSION = YES;
				CLANG_WARN_NON_LITERAL_NULL_CONVERSION = YES;
				CLANG_WARN_OBJC_LITERAL_CONVERSION = YES;
				CLANG_WARN_OBJC_ROOT_CLASS = YES_ERROR;
				CLANG_WARN_RANGE_LOOP_ANALYSIS = YES;
				CLANG_WARN_STRICT_PROTOTYPES = YES;
				CLANG_WARN_SUSPICIOUS_MOVE = YES;
				CLANG_WARN_UNGUARDED_AVAILABILITY = YES_AGGRESSIVE;
				CLANG_WARN_UNREACHABLE_CODE = YES;
				CLANG_WARN__DUPLICATE_METHOD_MATCH = YES;
				CODE_SIGN_IDENTITY = "iPhone Developer";
				COPY_PHASE_STRIP = NO;
				DEBUG_INFORMATION_FORMAT = dwarf;
				ENABLE_STRICT_OBJC_MSGSEND = YES;
				ENABLE_TESTABILITY = YES;
				GCC_C_LANGUAGE_STANDARD = gnu11;
				GCC_DYNAMIC_NO_PIC = NO;
				GCC_NO_COMMON_BLOCKS = YES;
				GCC_OPTIMIZATION_LEVEL = 0;
				GCC_PREPROCESSOR_DEFINITIONS = (
					"DEBUG=1",
					"$(inherited)",
				);
				GCC_WARN_64_TO_32_BIT_CONVERSION = YES;
				GCC_WARN_ABOUT_RETURN_TYPE = YES_ERROR;
				GCC_WARN_UNDECLARED_SELECTOR = YES;
				GCC_WARN_UNINITIALIZED_AUTOS = YES_AGGRESSIVE;
				GCC_WARN_UNUSED_FUNCTION = YES;
				GCC_WARN_UNUSED_VARIABLE = YES;
				IPHONEOS_DEPLOYMENT_TARGET = 10.3;
				MTL_ENABLE_DEBUG_INFO = YES;
				ONLY_ACTIVE_ARCH = YES;
				SDKROOT = iphoneos;
				SWIFT_ACTIVE_COMPILATION_CONDITIONS = DEBUG;
				SWIFT_OPTIMIZATION_LEVEL = "-Onone";
			};
			name = Debug;
		};
		4594C78E205EEFEC00E3AA5B /* Release */ = {
			isa = XCBuildConfiguration;
			buildSettings = {
				ALWAYS_SEARCH_USER_PATHS = NO;
				CLANG_ANALYZER_NONNULL = YES;
				CLANG_ANALYZER_NUMBER_OBJECT_CONVERSION = YES_AGGRESSIVE;
				CLANG_CXX_LANGUAGE_STANDARD = "gnu++14";
				CLANG_CXX_LIBRARY = "libc++";
				CLANG_ENABLE_MODULES = YES;
				CLANG_ENABLE_OBJC_ARC = YES;
				CLANG_WARN_BLOCK_CAPTURE_AUTORELEASING = YES;
				CLANG_WARN_BOOL_CONVERSION = YES;
				CLANG_WARN_COMMA = YES;
				CLANG_WARN_CONSTANT_CONVERSION = YES;
				CLANG_WARN_DIRECT_OBJC_ISA_USAGE = YES_ERROR;
				CLANG_WARN_DOCUMENTATION_COMMENTS = YES;
				CLANG_WARN_EMPTY_BODY = YES;
				CLANG_WARN_ENUM_CONVERSION = YES;
				CLANG_WARN_INFINITE_RECURSION = YES;
				CLANG_WARN_INT_CONVERSION = YES;
				CLANG_WARN_NON_LITERAL_NULL_CONVERSION = YES;
				CLANG_WARN_OBJC_LITERAL_CONVERSION = YES;
				CLANG_WARN_OBJC_ROOT_CLASS = YES_ERROR;
				CLANG_WARN_RANGE_LOOP_ANALYSIS = YES;
				CLANG_WARN_STRICT_PROTOTYPES = YES;
				CLANG_WARN_SUSPICIOUS_MOVE = YES;
				CLANG_WARN_UNGUARDED_AVAILABILITY = YES_AGGRESSIVE;
				CLANG_WARN_UNREACHABLE_CODE = YES;
				CLANG_WARN__DUPLICATE_METHOD_MATCH = YES;
				CODE_SIGN_IDENTITY = "iPhone Developer";
				COPY_PHASE_STRIP = NO;
				DEBUG_INFORMATION_FORMAT = "dwarf-with-dsym";
				ENABLE_NS_ASSERTIONS = NO;
				ENABLE_STRICT_OBJC_MSGSEND = YES;
				GCC_C_LANGUAGE_STANDARD = gnu11;
				GCC_NO_COMMON_BLOCKS = YES;
				GCC_WARN_64_TO_32_BIT_CONVERSION = YES;
				GCC_WARN_ABOUT_RETURN_TYPE = YES_ERROR;
				GCC_WARN_UNDECLARED_SELECTOR = YES;
				GCC_WARN_UNINITIALIZED_AUTOS = YES_AGGRESSIVE;
				GCC_WARN_UNUSED_FUNCTION = YES;
				GCC_WARN_UNUSED_VARIABLE = YES;
				IPHONEOS_DEPLOYMENT_TARGET = 10.3;
				MTL_ENABLE_DEBUG_INFO = NO;
				SDKROOT = iphoneos;
				SWIFT_OPTIMIZATION_LEVEL = "-Owholemodule";
				VALIDATE_PRODUCT = YES;
			};
			name = Release;
		};
		4594C790205EEFEC00E3AA5B /* Debug */ = {
			isa = XCBuildConfiguration;
			baseConfigurationReference = FBC3901F979F9C9C1F17A6E8 /* Pods-TravelApp.debug.xcconfig */;
			buildSettings = {
				ASSETCATALOG_COMPILER_APPICON_NAME = AppIcon;
				CODE_SIGN_STYLE = Automatic;
				DEVELOPMENT_TEAM = 9VJN5QFXAE;
				FRAMEWORK_SEARCH_PATHS = (
					"$(inherited)",
					"$(PROJECT_DIR)/TravelApp",
				);
				INFOPLIST_FILE = TravelApp/Info.plist;
				LD_RUNPATH_SEARCH_PATHS = "$(inherited) @executable_path/Frameworks";
				PRODUCT_BUNDLE_IDENTIFIER = com.TravelApp;
				PRODUCT_NAME = "$(TARGET_NAME)";
				SWIFT_VERSION = 4.0;
				TARGETED_DEVICE_FAMILY = "1,2";
			};
			name = Debug;
		};
		4594C791205EEFEC00E3AA5B /* Release */ = {
			isa = XCBuildConfiguration;
			baseConfigurationReference = 33B2D500B0F25F2320A08B84 /* Pods-TravelApp.release.xcconfig */;
			buildSettings = {
				ASSETCATALOG_COMPILER_APPICON_NAME = AppIcon;
				CODE_SIGN_STYLE = Automatic;
				DEVELOPMENT_TEAM = 9VJN5QFXAE;
				FRAMEWORK_SEARCH_PATHS = (
					"$(inherited)",
					"$(PROJECT_DIR)/TravelApp",
				);
				INFOPLIST_FILE = TravelApp/Info.plist;
				LD_RUNPATH_SEARCH_PATHS = "$(inherited) @executable_path/Frameworks";
				PRODUCT_BUNDLE_IDENTIFIER = com.TravelApp;
				PRODUCT_NAME = "$(TARGET_NAME)";
				SWIFT_VERSION = 4.0;
				TARGETED_DEVICE_FAMILY = "1,2";
			};
			name = Release;
		};
		4594C793205EEFEC00E3AA5B /* Debug */ = {
			isa = XCBuildConfiguration;
			baseConfigurationReference = DDECD9828AD56C05ECDB68C9 /* Pods-TravelAppTests.debug.xcconfig */;
			buildSettings = {
				ALWAYS_EMBED_SWIFT_STANDARD_LIBRARIES = YES;
				BUNDLE_LOADER = "$(TEST_HOST)";
				CODE_SIGN_STYLE = Automatic;
				DEVELOPMENT_TEAM = 9VJN5QFXAE;
				INFOPLIST_FILE = TravelAppTests/Info.plist;
				LD_RUNPATH_SEARCH_PATHS = "$(inherited) @executable_path/Frameworks @loader_path/Frameworks";
				PRODUCT_BUNDLE_IDENTIFIER = com.hs.TravelAppTests;
				PRODUCT_NAME = "$(TARGET_NAME)";
				SWIFT_VERSION = 4.0;
				TARGETED_DEVICE_FAMILY = "1,2";
				TEST_HOST = "$(BUILT_PRODUCTS_DIR)/TravelApp.app/TravelApp";
			};
			name = Debug;
		};
		4594C794205EEFEC00E3AA5B /* Release */ = {
			isa = XCBuildConfiguration;
			baseConfigurationReference = 9877A52ADDAC22ED10C91ADB /* Pods-TravelAppTests.release.xcconfig */;
			buildSettings = {
				ALWAYS_EMBED_SWIFT_STANDARD_LIBRARIES = YES;
				BUNDLE_LOADER = "$(TEST_HOST)";
				CODE_SIGN_STYLE = Automatic;
				DEVELOPMENT_TEAM = 9VJN5QFXAE;
				INFOPLIST_FILE = TravelAppTests/Info.plist;
				LD_RUNPATH_SEARCH_PATHS = "$(inherited) @executable_path/Frameworks @loader_path/Frameworks";
				PRODUCT_BUNDLE_IDENTIFIER = com.hs.TravelAppTests;
				PRODUCT_NAME = "$(TARGET_NAME)";
				SWIFT_VERSION = 4.0;
				TARGETED_DEVICE_FAMILY = "1,2";
				TEST_HOST = "$(BUILT_PRODUCTS_DIR)/TravelApp.app/TravelApp";
			};
			name = Release;
		};
		4594C796205EEFEC00E3AA5B /* Debug */ = {
			isa = XCBuildConfiguration;
			baseConfigurationReference = 4B85A1FF9EE53B63121E11D0 /* Pods-TravelAppUITests.debug.xcconfig */;
			buildSettings = {
				ALWAYS_EMBED_SWIFT_STANDARD_LIBRARIES = YES;
				CODE_SIGN_STYLE = Automatic;
				DEVELOPMENT_TEAM = 9VJN5QFXAE;
				INFOPLIST_FILE = TravelAppUITests/Info.plist;
				LD_RUNPATH_SEARCH_PATHS = "$(inherited) @executable_path/Frameworks @loader_path/Frameworks";
				PRODUCT_BUNDLE_IDENTIFIER = com.hs.TravelAppUITests;
				PRODUCT_NAME = "$(TARGET_NAME)";
				SWIFT_VERSION = 4.0;
				TARGETED_DEVICE_FAMILY = "1,2";
				TEST_TARGET_NAME = TravelApp;
			};
			name = Debug;
		};
		4594C797205EEFEC00E3AA5B /* Release */ = {
			isa = XCBuildConfiguration;
			baseConfigurationReference = A194D28D64BD01E496ABE4D6 /* Pods-TravelAppUITests.release.xcconfig */;
			buildSettings = {
				ALWAYS_EMBED_SWIFT_STANDARD_LIBRARIES = YES;
				CODE_SIGN_STYLE = Automatic;
				DEVELOPMENT_TEAM = 9VJN5QFXAE;
				INFOPLIST_FILE = TravelAppUITests/Info.plist;
				LD_RUNPATH_SEARCH_PATHS = "$(inherited) @executable_path/Frameworks @loader_path/Frameworks";
				PRODUCT_BUNDLE_IDENTIFIER = com.hs.TravelAppUITests;
				PRODUCT_NAME = "$(TARGET_NAME)";
				SWIFT_VERSION = 4.0;
				TARGETED_DEVICE_FAMILY = "1,2";
				TEST_TARGET_NAME = TravelApp;
			};
			name = Release;
		};
/* End XCBuildConfiguration section */

/* Begin XCConfigurationList section */
		4594C762205EEFEC00E3AA5B /* Build configuration list for PBXProject "TravelApp" */ = {
			isa = XCConfigurationList;
			buildConfigurations = (
				4594C78D205EEFEC00E3AA5B /* Debug */,
				4594C78E205EEFEC00E3AA5B /* Release */,
			);
			defaultConfigurationIsVisible = 0;
			defaultConfigurationName = Release;
		};
		4594C78F205EEFEC00E3AA5B /* Build configuration list for PBXNativeTarget "TravelApp" */ = {
			isa = XCConfigurationList;
			buildConfigurations = (
				4594C790205EEFEC00E3AA5B /* Debug */,
				4594C791205EEFEC00E3AA5B /* Release */,
			);
			defaultConfigurationIsVisible = 0;
			defaultConfigurationName = Release;
		};
		4594C792205EEFEC00E3AA5B /* Build configuration list for PBXNativeTarget "TravelAppTests" */ = {
			isa = XCConfigurationList;
			buildConfigurations = (
				4594C793205EEFEC00E3AA5B /* Debug */,
				4594C794205EEFEC00E3AA5B /* Release */,
			);
			defaultConfigurationIsVisible = 0;
			defaultConfigurationName = Release;
		};
		4594C795205EEFEC00E3AA5B /* Build configuration list for PBXNativeTarget "TravelAppUITests" */ = {
			isa = XCConfigurationList;
			buildConfigurations = (
				4594C796205EEFEC00E3AA5B /* Debug */,
				4594C797205EEFEC00E3AA5B /* Release */,
			);
			defaultConfigurationIsVisible = 0;
			defaultConfigurationName = Release;
		};
/* End XCConfigurationList section */
	};
	rootObject = 4594C75F205EEFEC00E3AA5B /* Project object */;
}
